
Microsoft Visual Studio Solution File, Format Version 12.00
# Visual Studio Version 17
VisualStudioVersion = 17.14.36603.0 d17.14
MinimumVisualStudioVersion = 10.0.40219.1
Project("{FAE04EC0-301F-11D3-BF4B-00C04F79EFBC}") = "ScratchLLM", "ScratchLLM\ScratchLLM.csproj", "{D55C3527-433E-46D8-B7B8-270574B4B92F}"
EndProject
Project("{FAE04EC0-301F-11D3-BF4B-00C04F79EFBC}") = "Duck", "Duck\Duck.csproj", "{7A9F2463-A70E-4787-93DE-4DD02A041C17}"
EndProject
Global
	GlobalSection(SolutionConfigurationPlatforms) = preSolution
		Debug|Any CPU = Debug|Any CPU
		Release|Any CPU = Release|Any CPU
	EndGlobalSection
	GlobalSection(ProjectConfigurationPlatforms) = postSolution
		{D55C3527-433E-46D8-B7B8-270574B4B92F}.Debug|Any CPU.ActiveCfg = Debug|Any CPU
		{D55C3527-433E-46D8-B7B8-270574B4B92F}.Debug|Any CPU.Build.0 = Debug|Any CPU
		{D55C3527-433E-46D8-B7B8-270574B4B92F}.Release|Any CPU.ActiveCfg = Release|Any CPU
		{D55C3527-433E-46D8-B7B8-270574B4B92F}.Release|Any CPU.Build.0 = Release|Any CPU
		{7A9F2463-A70E-4787-93DE-4DD02A041C17}.Debug|Any CPU.ActiveCfg = Debug|Any CPU
		{7A9F2463-A70E-4787-93DE-4DD02A041C17}.Debug|Any CPU.Build.0 = Debug|Any CPU
		{7A9F2463-A70E-4787-93DE-4DD02A041C17}.Release|Any CPU.ActiveCfg = Release|Any CPU
		{7A9F2463-A70E-4787-93DE-4DD02A041C17}.Release|Any CPU.Build.0 = Release|Any CPU
	EndGlobalSection
	GlobalSection(SolutionProperties) = preSolution
		HideSolutionNode = FALSE
	EndGlobalSection
	GlobalSection(ExtensibilityGlobals) = postSolution
		SolutionGuid = {B10A2A7D-A966-4600-AAB0-55D7FEC70B8C}
	EndGlobalSection
EndGlobal
